{
  "nodes": {
    "auto-cpufreq": {
      "inputs": {
        "nixpkgs": [
          "nixpkgs"
        ]
      },
      "locked": {
        "lastModified": 1743325743,
        "narHash": "sha256-p2ZlFUBy10SV0b2g8ZOWse01mgaeU4haZN+dgHcoN6U=",
        "owner": "AdnanHodzic",
        "repo": "auto-cpufreq",
        "rev": "00be2a5d91832519823990deb7b87af85fc78017",
        "type": "github"
      },
      "original": {
        "owner": "AdnanHodzic",
        "repo": "auto-cpufreq",
        "type": "github"
      }
    },
    "home-manager": {
      "inputs": {
        "nixpkgs": [
          "nixpkgs"
        ]
      },
      "locked": {
        "lastModified": 1743556466,
        "narHash": "sha256-rvU79DJ6rPDxiH0sTp686Vlm+JewwAZPGcwt8OfHJbM=",
        "owner": "nix-community",
        "repo": "home-manager",
        "rev": "5ee44bc7c2e853f144390a12ebe5174ad7e3b9e0",
        "type": "github"
      },
      "original": {
        "owner": "nix-community",
        "repo": "home-manager",
        "type": "github"
      }
    },
    "nixCats": {
      "inputs": {
        "nixCats": "nixCats_2",
        "nixpkgs": [
          "nixpkgs"
        ]
      },
      "locked": {
        "lastModified": 1743517076,
        "narHash": "sha256-fyXiipdd7P91kNWe9tBhcqt5Rgn7uU96y7tpUTg0UhY=",
        "ref": "refs/heads/master",
        "rev": "b2a798fe8c05a079451fc7a89159315800a650e9",
        "revCount": 49,
        "type": "git",
        "url": "file:///home/friday/nix-inputs/nixCats/"
      },
      "original": {
        "type": "git",
        "url": "file:///home/friday/nix-inputs/nixCats/"
      }
    },
    "nixCats_2": {
      "locked": {
        "lastModified": 1743502617,
        "narHash": "sha256-QVJMH7KJT5Ma4AphiiRXEkYDb9C59OKB+q+nCDhWrOo=",
        "owner": "BirdeeHub",
        "repo": "nixCats-nvim",
        "rev": "f0e00b9b3b370f4fc7558001f94b29b2ce75da9a",
        "type": "github"
      },
      "original": {
        "owner": "BirdeeHub",
        "repo": "nixCats-nvim",
        "type": "github"
      }
    },
    "nixpkgs": {
      "locked": {
        "lastModified": 1743448293,
        "narHash": "sha256-bmEPmSjJakAp/JojZRrUvNcDX2R5/nuX6bm+seVaGhs=",
        "owner": "nixos",
        "repo": "nixpkgs",
        "rev": "77b584d61ff80b4cef9245829a6f1dfad5afdfa3",
        "type": "github"
      },
      "original": {
        "owner": "nixos",
        "ref": "nixos-unstable",
        "repo": "nixpkgs",
        "type": "github"
      }
    },
    "quickshell": {
      "inputs": {
        "nixpkgs": [
          "nixpkgs"
        ]
      },
      "locked": {
        "lastModified": 1743517088,
        "narHash": "sha256-5tHJYSKeywdVWaKM8pMw7imw17QX86dIiQTYsg7+fCk=",
        "ref": "refs/heads/master",
        "rev": "83a3cc6af78e181c27e2cf271bb5450a4f23b8e6",
        "revCount": 491,
        "type": "git",
        "url": "file:///home/friday/nix-inputs/quickshell/"
      },
      "original": {
        "type": "git",
        "url": "file:///home/friday/nix-inputs/quickshell/"
      }
    },
    "root": {
      "inputs": {
        "auto-cpufreq": "auto-cpufreq",
        "home-manager": "home-manager",
        "nixCats": "nixCats",
        "nixpkgs": "nixpkgs",
        "quickshell": "quickshell",
        "zen-browser": "zen-browser"
      }
    },
    "zen-browser": {
      "inputs": {
        "nixpkgs": [
          "nixpkgs"
        ]
      },
      "locked": {
        "lastModified": 1743557181,
        "narHash": "sha256-YP783xZgT4NVRHM6FS+VqNvvNxX3dqV+9vU8PXOLWY8=",
        "owner": "0xc000022070",
        "repo": "zen-browser-flake",
        "rev": "e8aac40025342ed757d08d01e6d0a318c379009b",
        "type": "github"
      },
      "original": {
        "owner": "0xc000022070",
        "repo": "zen-browser-flake",
        "type": "github"
      }
    }
  },
  "root": "root",
  "version": 7
}
